
Microsoft Visual Studio Solution File, Format Version 12.00
# Visual Studio Version 16
VisualStudioVersion = 16.0.30907.101
MinimumVisualStudioVersion = 10.0.40219.1
Project("{FAE04EC0-301F-11D3-BF4B-00C04F79EFBC}") = "CaesarsCode", "CaesarsCode\CaesarsCode.csproj", "{F6B98DC8-A11A-4E2A-8D1E-805DBB97128A}"
EndProject
Global
	GlobalSection(SolutionConfigurationPlatforms) = preSolution
		Debug|Any CPU = Debug|Any CPU
		Release|Any CPU = Release|Any CPU
	EndGlobalSection
	GlobalSection(ProjectConfigurationPlatforms) = postSolution
		{F6B98DC8-A11A-4E2A-8D1E-805DBB97128A}.Debug|Any CPU.ActiveCfg = Debug|Any CPU
		{F6B98DC8-A11A-4E2A-8D1E-805DBB97128A}.Debug|Any CPU.Build.0 = Debug|Any CPU
		{F6B98DC8-A11A-4E2A-8D1E-805DBB97128A}.Release|Any CPU.ActiveCfg = Release|Any CPU
		{F6B98DC8-A11A-4E2A-8D1E-805DBB97128A}.Release|Any CPU.Build.0 = Release|Any CPU
	EndGlobalSection
	GlobalSection(SolutionProperties) = preSolution
		HideSolutionNode = FALSE
	EndGlobalSection
	GlobalSection(ExtensibilityGlobals) = postSolution
		SolutionGuid = {E8145CAE-14BC-47B9-ABC7-A99318AD19B7}
	EndGlobalSection
EndGlobal
